// !$*UTF8*$!
{
	archiveVersion = 1;
	classes = {
	};
	objectVersion = 50;
	objects = {

/* Begin PBXBuildFile section */
		C57204C7269F43C30035D828 /* AppDelegate.swift in Sources */ = {isa = PBXBuildFile; fileRef = C57204C6269F43C30035D828 /* AppDelegate.swift */; };
		C57204C9269F43C30035D828 /* SceneDelegate.swift in Sources */ = {isa = PBXBuildFile; fileRef = C57204C8269F43C30035D828 /* SceneDelegate.swift */; };
		C57204CB269F43C30035D828 /* TodoVC.swift in Sources */ = {isa = PBXBuildFile; fileRef = C57204CA269F43C30035D828 /* TodoVC.swift */; };
		C57204CE269F43C30035D828 /* Main.storyboard in Resources */ = {isa = PBXBuildFile; fileRef = C57204CC269F43C30035D828 /* Main.storyboard */; };
		C57204D0269F43C50035D828 /* Assets.xcassets in Resources */ = {isa = PBXBuildFile; fileRef = C57204CF269F43C50035D828 /* Assets.xcassets */; };
		C57204D3269F43C50035D828 /* LaunchScreen.storyboard in Resources */ = {isa = PBXBuildFile; fileRef = C57204D1269F43C50035D828 /* LaunchScreen.storyboard */; };
		C57204DF269F52750035D828 /* TodoCell.swift in Sources */ = {isa = PBXBuildFile; fileRef = C57204DE269F52750035D828 /* TodoCell.swift */; };
		C57204E526A00BD40035D828 /* Todo.swift in Sources */ = {isa = PBXBuildFile; fileRef = C57204E426A00BD40035D828 /* Todo.swift */; };
		C57204E926A00C230035D828 /* APIError.swift in Sources */ = {isa = PBXBuildFile; fileRef = C57204E826A00C230035D828 /* APIError.swift */; };
		C57204ED26A011920035D828 /* NetworkService.swift in Sources */ = {isa = PBXBuildFile; fileRef = C57204EC26A011920035D828 /* NetworkService.swift */; };
/* End PBXBuildFile section */

/* Begin PBXFileReference section */
		C57204C3269F43C30035D828 /* TodoApp.app */ = {isa = PBXFileReference; explicitFileType = wrapper.application; includeInIndex = 0; path = TodoApp.app; sourceTree = BUILT_PRODUCTS_DIR; };
		C57204C6269F43C30035D828 /* AppDelegate.swift */ = {isa = PBXFileReference; lastKnownFileType = sourcecode.swift; path = AppDelegate.swift; sourceTree = "<group>"; };
		C57204C8269F43C30035D828 /* SceneDelegate.swift */ = {isa = PBXFileReference; lastKnownFileType = sourcecode.swift; path = SceneDelegate.swift; sourceTree = "<group>"; };
		C57204CA269F43C30035D828 /* TodoVC.swift */ = {isa = PBXFileReference; lastKnownFileType = sourcecode.swift; path = TodoVC.swift; sourceTree = "<group>"; };
		C57204CD269F43C30035D828 /* Base */ = {isa = PBXFileReference; lastKnownFileType = file.storyboard; name = Base; path = Base.lproj/Main.storyboard; sourceTree = "<group>"; };
		C57204CF269F43C50035D828 /* Assets.xcassets */ = {isa = PBXFileReference; lastKnownFileType = folder.assetcatalog; path = Assets.xcassets; sourceTree = "<group>"; };
		C57204D2269F43C50035D828 /* Base */ = {isa = PBXFileReference; lastKnownFileType = file.storyboard; name = Base; path = Base.lproj/LaunchScreen.storyboard; sourceTree = "<group>"; };
		C57204D4269F43C50035D828 /* Info.plist */ = {isa = PBXFileReference; lastKnownFileType = text.plist.xml; path = Info.plist; sourceTree = "<group>"; };
		C57204DE269F52750035D828 /* TodoCell.swift */ = {isa = PBXFileReference; lastKnownFileType = sourcecode.swift; path = TodoCell.swift; sourceTree = "<group>"; };
		C57204E426A00BD40035D828 /* Todo.swift */ = {isa = PBXFileReference; lastKnownFileType = sourcecode.swift; path = Todo.swift; sourceTree = "<group>"; };
		C57204E826A00C230035D828 /* APIError.swift */ = {isa = PBXFileReference; lastKnownFileType = sourcecode.swift; path = APIError.swift; sourceTree = "<group>"; };
		C57204EC26A011920035D828 /* NetworkService.swift */ = {isa = PBXFileReference; lastKnownFileType = sourcecode.swift; path = NetworkService.swift; sourceTree = "<group>"; };
/* End PBXFileReference section */

/* Begin PBXFrameworksBuildPhase section */
		C57204C0269F43C30035D828 /* Frameworks */ = {
			isa = PBXFrameworksBuildPhase;
			buildActionMask = 2147483647;
			files = (
			);
			runOnlyForDeploymentPostprocessing = 0;
		};
/* End PBXFrameworksBuildPhase section */

/* Begin PBXGroup section */
		C57204BA269F43C30035D828 = {
			isa = PBXGroup;
			children = (
				C57204C5269F43C30035D828 /* TodoApp */,
				C57204C4269F43C30035D828 /* Products */,
			);
			sourceTree = "<group>";
		};
		C57204C4269F43C30035D828 /* Products */ = {
			isa = PBXGroup;
			children = (
				C57204C3269F43C30035D828 /* TodoApp.app */,
			);
			name = Products;
			sourceTree = "<group>";
		};
		C57204C5269F43C30035D828 /* TodoApp */ = {
			isa = PBXGroup;
			children = (
				C57204EB26A0117B0035D828 /* Service */,
				C57204E326A00BBE0035D828 /* Model */,
				C57204DD269F520E0035D828 /* View */,
				C57204DC269F52000035D828 /* Controller */,
				C57204C6269F43C30035D828 /* AppDelegate.swift */,
				C57204C8269F43C30035D828 /* SceneDelegate.swift */,
				C57204CC269F43C30035D828 /* Main.storyboard */,
				C57204CF269F43C50035D828 /* Assets.xcassets */,
				C57204D1269F43C50035D828 /* LaunchScreen.storyboard */,
				C57204D4269F43C50035D828 /* Info.plist */,
			);
			path = TodoApp;
			sourceTree = "<group>";
		};
		C57204DC269F52000035D828 /* Controller */ = {
			isa = PBXGroup;
			children = (
				C57204CA269F43C30035D828 /* TodoVC.swift */,
			);
			path = Controller;
			sourceTree = "<group>";
		};
		C57204DD269F520E0035D828 /* View */ = {
			isa = PBXGroup;
			children = (
				C57204DE269F52750035D828 /* TodoCell.swift */,
			);
			path = View;
			sourceTree = "<group>";
		};
		C57204E326A00BBE0035D828 /* Model */ = {
			isa = PBXGroup;
			children = (
				C57204E426A00BD40035D828 /* Todo.swift */,
				C57204E826A00C230035D828 /* APIError.swift */,
			);
			path = Model;
			sourceTree = "<group>";
		};
		C57204EB26A0117B0035D828 /* Service */ = {
			isa = PBXGroup;
			children = (
				C57204EC26A011920035D828 /* NetworkService.swift */,
			);
			path = Service;
			sourceTree = "<group>";
		};
/* End PBXGroup section */

/* Begin PBXNativeTarget section */
		C57204C2269F43C30035D828 /* TodoApp */ = {
			isa = PBXNativeTarget;
			buildConfigurationList = C57204D7269F43C50035D828 /* Build configuration list for PBXNativeTarget "TodoApp" */;
			buildPhases = (
				C57204BF269F43C30035D828 /* Sources */,
				C57204C0269F43C30035D828 /* Frameworks */,
				C57204C1269F43C30035D828 /* Resources */,
			);
			buildRules = (
			);
			dependencies = (
			);
			name = TodoApp;
			productName = TodoApp;
			productReference = C57204C3269F43C30035D828 /* TodoApp.app */;
			productType = "com.apple.product-type.application";
		};
/* End PBXNativeTarget section */

/* Begin PBXProject section */
		C57204BB269F43C30035D828 /* Project object */ = {
			isa = PBXProject;
			attributes = {
				LastSwiftUpdateCheck = 1240;
				LastUpgradeCheck = 1240;
				TargetAttributes = {
					C57204C2269F43C30035D828 = {
						CreatedOnToolsVersion = 12.4;
					};
				};
			};
			buildConfigurationList = C57204BE269F43C30035D828 /* Build configuration list for PBXProject "TodoApp" */;
			compatibilityVersion = "Xcode 9.3";
			developmentRegion = en;
			hasScannedForEncodings = 0;
			knownRegions = (
				en,
				Base,
			);
			mainGroup = C57204BA269F43C30035D828;
			productRefGroup = C57204C4269F43C30035D828 /* Products */;
			projectDirPath = "";
			projectRoot = "";
			targets = (
				C57204C2269F43C30035D828 /* TodoApp */,
			);
		};
/* End PBXProject section */

/* Begin PBXResourcesBuildPhase section */
		C57204C1269F43C30035D828 /* Resources */ = {
			isa = PBXResourcesBuildPhase;
			buildActionMask = 2147483647;
			files = (
				C57204D3269F43C50035D828 /* LaunchScreen.storyboard in Resources */,
				C57204D0269F43C50035D828 /* Assets.xcassets in Resources */,
				C57204CE269F43C30035D828 /* Main.storyboard in Resources */,
			);
			runOnlyForDeploymentPostprocessing = 0;
		};
/* End PBXResourcesBuildPhase section */

/* Begin PBXSourcesBuildPhase section */
		C57204BF269F43C30035D828 /* Sources */ = {
			isa = PBXSourcesBuildPhase;
			buildActionMask = 2147483647;
			files = (
				C57204CB269F43C30035D828 /* TodoVC.swift in Sources */,
				C57204C7269F43C30035D828 /* AppDelegate.swift in Sources */,
				C57204DF269F52750035D828 /* TodoCell.swift in Sources */,
				C57204C9269F43C30035D828 /* SceneDelegate.swift in Sources */,
				C57204E526A00BD40035D828 /* Todo.swift in Sources */,
				C57204E926A00C230035D828 /* APIError.swift in Sources */,
				C57204ED26A011920035D828 /* NetworkService.swift in Sources */,
			);
			runOnlyForDeploymentPostprocessing = 0;
		};
/* End PBXSourcesBuildPhase section */

/* Begin PBXVariantGroup section */
		C57204CC269F43C30035D828 /* Main.storyboard */ = {
			isa = PBXVariantGroup;
			children = (
				C57204CD269F43C30035D828 /* Base */,
			);
			name = Main.storyboard;
			sourceTree = "<group>";
		};
		C57204D1269F43C50035D828 /* LaunchScreen.storyboard */ = {
			isa = PBXVariantGroup;
			children = (
				C57204D2269F43C50035D828 /* Base */,
			);
			name = LaunchScreen.storyboard;
			sourceTree = "<group>";
		};
/* End PBXVariantGroup section */

/* Begin XCBuildConfiguration section */
		C57204D5269F43C50035D828 /* Debug */ = {
			isa = XCBuildConfiguration;
			buildSettings = {
				ALWAYS_SEARCH_USER_PATHS = NO;
				CLANG_ANALYZER_NONNULL = YES;
				CLANG_ANALYZER_NUMBER_OBJECT_CONVERSION = YES_AGGRESSIVE;
				CLANG_CXX_LANGUAGE_STANDARD = "gnu++14";
				CLANG_CXX_LIBRARY = "libc++";
				CLANG_ENABLE_MODULES = YES;
				CLANG_ENABLE_OBJC_ARC = YES;
				CLANG_ENABLE_OBJC_WEAK = YES;
				CLANG_WARN_BLOCK_CAPTURE_AUTORELEASING = YES;
				CLANG_WARN_BOOL_CONVERSION = YES;
				CLANG_WARN_COMMA = YES;
				CLANG_WARN_CONSTANT_CONVERSION = YES;
				CLANG_WARN_DEPRECATED_OBJC_IMPLEMENTATIONS = YES;
				CLANG_WARN_DIRECT_OBJC_ISA_USAGE = YES_ERROR;
				CLANG_WARN_DOCUMENTATION_COMMENTS = YES;
				CLANG_WARN_EMPTY_BODY = YES;
				CLANG_WARN_ENUM_CONVERSION = YES;
				CLANG_WARN_INFINITE_RECURSION = YES;
				CLANG_WARN_INT_CONVERSION = YES;
				CLANG_WARN_NON_LITERAL_NULL_CONVERSION = YES;
				CLANG_WARN_OBJC_IMPLICIT_RETAIN_SELF = YES;
				CLANG_WARN_OBJC_LITERAL_CONVERSION = YES;
				CLANG_WARN_OBJC_ROOT_CLASS = YES_ERROR;
				CLANG_WARN_QUOTED_INCLUDE_IN_FRAMEWORK_HEADER = YES;
				CLANG_WARN_RANGE_LOOP_ANALYSIS = YES;
				CLANG_WARN_STRICT_PROTOTYPES = YES;
				CLANG_WARN_SUSPICIOUS_MOVE = YES;
				CLANG_WARN_UNGUARDED_AVAILABILITY = YES_AGGRESSIVE;
				CLANG_WARN_UNREACHABLE_CODE = YES;
				CLANG_WARN__DUPLICATE_METHOD_MATCH = YES;
				COPY_PHASE_STRIP = NO;
				DEBUG_INFORMATION_FORMAT = dwarf;
				ENABLE_STRICT_OBJC_MSGSEND = YES;
				ENABLE_TESTABILITY = YES;
				GCC_C_LANGUAGE_STANDARD = gnu11;
				GCC_DYNAMIC_NO_PIC = NO;
				GCC_NO_COMMON_BLOCKS = YES;
				GCC_OPTIMIZATION_LEVEL = 0;
				GCC_PREPROCESSOR_DEFINITIONS = (
					"DEBUG=1",
					"$(inherited)",
				);
				GCC_WARN_64_TO_32_BIT_CONVERSION = YES;
				GCC_WARN_ABOUT_RETURN_TYPE = YES_ERROR;
				GCC_WARN_UNDECLARED_SELECTOR = YES;
				GCC_WARN_UNINITIALIZED_AUTOS = YES_AGGRESSIVE;
				GCC_WARN_UNUSED_FUNCTION = YES;
				GCC_WARN_UNUSED_VARIABLE = YES;
				IPHONEOS_DEPLOYMENT_TARGET = 14.4;
				MTL_ENABLE_DEBUG_INFO = INCLUDE_SOURCE;
				MTL_FAST_MATH = YES;
				ONLY_ACTIVE_ARCH = YES;
				SDKROOT = iphoneos;
				SWIFT_ACTIVE_COMPILATION_CONDITIONS = DEBUG;
				SWIFT_OPTIMIZATION_LEVEL = "-Onone";
			};
			name = Debug;
		};
		C57204D6269F43C50035D828 /* Release */ = {
			isa = XCBuildConfiguration;
			buildSettings = {
				ALWAYS_SEARCH_USER_PATHS = NO;
				CLANG_ANALYZER_NONNULL = YES;
				CLANG_ANALYZER_NUMBER_OBJECT_CONVERSION = YES_AGGRESSIVE;
				CLANG_CXX_LANGUAGE_STANDARD = "gnu++14";
				CLANG_CXX_LIBRARY = "libc++";
				CLANG_ENABLE_MODULES = YES;
				CLANG_ENABLE_OBJC_ARC = YES;
				CLANG_ENABLE_OBJC_WEAK = YES;
				CLANG_WARN_BLOCK_CAPTURE_AUTORELEASING = YES;
				CLANG_WARN_BOOL_CONVERSION = YES;
				CLANG_WARN_COMMA = YES;
				CLANG_WARN_CONSTANT_CONVERSION = YES;
				CLANG_WARN_DEPRECATED_OBJC_IMPLEMENTATIONS = YES;
				CLANG_WARN_DIRECT_OBJC_ISA_USAGE = YES_ERROR;
				CLANG_WARN_DOCUMENTATION_COMMENTS = YES;
				CLANG_WARN_EMPTY_BODY = YES;
				CLANG_WARN_ENUM_CONVERSION = YES;
				CLANG_WARN_INFINITE_RECURSION = YES;
				CLANG_WARN_INT_CONVERSION = YES;
				CLANG_WARN_NON_LITERAL_NULL_CONVERSION = YES;
				CLANG_WARN_OBJC_IMPLICIT_RETAIN_SELF = YES;
				CLANG_WARN_OBJC_LITERAL_CONVERSION = YES;
				CLANG_WARN_OBJC_ROOT_CLASS = YES_ERROR;
				CLANG_WARN_QUOTED_INCLUDE_IN_FRAMEWORK_HEADER = YES;
				CLANG_WARN_RANGE_LOOP_ANALYSIS = YES;
				CLANG_WARN_STRICT_PROTOTYPES = YES;
				CLANG_WARN_SUSPICIOUS_MOVE = YES;
				CLANG_WARN_UNGUARDED_AVAILABILITY = YES_AGGRESSIVE;
				CLANG_WARN_UNREACHABLE_CODE = YES;
				CLANG_WARN__DUPLICATE_METHOD_MATCH = YES;
				COPY_PHASE_STRIP = NO;
				DEBUG_INFORMATION_FORMAT = "dwarf-with-dsym";
				ENABLE_NS_ASSERTIONS = NO;
				ENABLE_STRICT_OBJC_MSGSEND = YES;
				GCC_C_LANGUAGE_STANDARD = gnu11;
				GCC_NO_COMMON_BLOCKS = YES;
				GCC_WARN_64_TO_32_BIT_CONVERSION = YES;
				GCC_WARN_ABOUT_RETURN_TYPE = YES_ERROR;
				GCC_WARN_UNDECLARED_SELECTOR = YES;
				GCC_WARN_UNINITIALIZED_AUTOS = YES_AGGRESSIVE;
				GCC_WARN_UNUSED_FUNCTION = YES;
				GCC_WARN_UNUSED_VARIABLE = YES;
				IPHONEOS_DEPLOYMENT_TARGET = 14.4;
				MTL_ENABLE_DEBUG_INFO = NO;
				MTL_FAST_MATH = YES;
				SDKROOT = iphoneos;
				SWIFT_COMPILATION_MODE = wholemodule;
				SWIFT_OPTIMIZATION_LEVEL = "-O";
				VALIDATE_PRODUCT = YES;
			};
			name = Release;
		};
		C57204D8269F43C50035D828 /* Debug */ = {
			isa = XCBuildConfiguration;
			buildSettings = {
				ASSETCATALOG_COMPILER_APPICON_NAME = AppIcon;
				ASSETCATALOG_COMPILER_GLOBAL_ACCENT_COLOR_NAME = AccentColor;
				CODE_SIGN_STYLE = Automatic;
				DEVELOPMENT_TEAM = 29NBQDS76K;
				INFOPLIST_FILE = TodoApp/Info.plist;
				LD_RUNPATH_SEARCH_PATHS = (
					"$(inherited)",
					"@executable_path/Frameworks",
				);
				PRODUCT_BUNDLE_IDENTIFIER = Personal.TodoApp;
				PRODUCT_NAME = "$(TARGET_NAME)";
				SWIFT_VERSION = 5.0;
				TARGETED_DEVICE_FAMILY = "1,2";
			};
			name = Debug;
		};
		C57204D9269F43C50035D828 /* Release */ = {
			isa = XCBuildConfiguration;
			buildSettings = {
				ASSETCATALOG_COMPILER_APPICON_NAME = AppIcon;
				ASSETCATALOG_COMPILER_GLOBAL_ACCENT_COLOR_NAME = AccentColor;
				CODE_SIGN_STYLE = Automatic;
				DEVELOPMENT_TEAM = 29NBQDS76K;
				INFOPLIST_FILE = TodoApp/Info.plist;
				LD_RUNPATH_SEARCH_PATHS = (
					"$(inherited)",
					"@executable_path/Frameworks",
				);
				PRODUCT_BUNDLE_IDENTIFIER = Personal.TodoApp;
				PRODUCT_NAME = "$(TARGET_NAME)";
				SWIFT_VERSION = 5.0;
				TARGETED_DEVICE_FAMILY = "1,2";
			};
			name = Release;
		};
/* End XCBuildConfiguration section */

/* Begin XCConfigurationList section */
		C57204BE269F43C30035D828 /* Build configuration list for PBXProject "TodoApp" */ = {
			isa = XCConfigurationList;
			buildConfigurations = (
				C57204D5269F43C50035D828 /* Debug */,
				C57204D6269F43C50035D828 /* Release */,
			);
			defaultConfigurationIsVisible = 0;
			defaultConfigurationName = Release;
		};
		C57204D7269F43C50035D828 /* Build configuration list for PBXNativeTarget "TodoApp" */ = {
			isa = XCConfigurationList;
			buildConfigurations = (
				C57204D8269F43C50035D828 /* Debug */,
				C57204D9269F43C50035D828 /* Release */,
			);
			defaultConfigurationIsVisible = 0;
			defaultConfigurationName = Release;
		};
/* End XCConfigurationList section */
	};
	rootObject = C57204BB269F43C30035D828 /* Project object */;
}
